// !$*UTF8*$!
{
	archiveVersion = 1;
	classes = {
	};
	objectVersion = 46;
	objects = {

/* Begin PBXBuildFile section */
		36C5A8541549769800F19A9A /* UIKit.framework in Frameworks */ = {isa = PBXBuildFile; fileRef = 36C5A8531549769800F19A9A /* UIKit.framework */; };
		36C5A8561549769800F19A9A /* Foundation.framework in Frameworks */ = {isa = PBXBuildFile; fileRef = 36C5A8551549769800F19A9A /* Foundation.framework */; };
		36C5A8581549769800F19A9A /* CoreGraphics.framework in Frameworks */ = {isa = PBXBuildFile; fileRef = 36C5A8571549769800F19A9A /* CoreGraphics.framework */; };
		36C5A85E1549769800F19A9A /* InfoPlist.strings in Resources */ = {isa = PBXBuildFile; fileRef = 36C5A85C1549769800F19A9A /* InfoPlist.strings */; };
		36C5A8601549769800F19A9A /* main.m in Sources */ = {isa = PBXBuildFile; fileRef = 36C5A85F1549769800F19A9A /* main.m */; };
		36C5A8641549769800F19A9A /* CalcAppDelegate.m in Sources */ = {isa = PBXBuildFile; fileRef = 36C5A8631549769800F19A9A /* CalcAppDelegate.m */; };
		36C5A8671549769800F19A9A /* MainStoryboard.storyboard in Resources */ = {isa = PBXBuildFile; fileRef = 36C5A8651549769800F19A9A /* MainStoryboard.storyboard */; };
		36C5A86A1549769800F19A9A /* CalcViewController.m in Sources */ = {isa = PBXBuildFile; fileRef = 36C5A8691549769800F19A9A /* CalcViewController.m */; };
/* End PBXBuildFile section */

/* Begin PBXFileReference section */
		36C5A84F1549769800F19A9A /* Calc.app */ = {isa = PBXFileReference; explicitFileType = wrapper.application; includeInIndex = 0; path = Calc.app; sourceTree = BUILT_PRODUCTS_DIR; };
		36C5A8531549769800F19A9A /* UIKit.framework */ = {isa = PBXFileReference; lastKnownFileType = wrapper.framework; name = UIKit.framework; path = System/Library/Frameworks/UIKit.framework; sourceTree = SDKROOT; };
		36C5A8551549769800F19A9A /* Foundation.framework */ = {isa = PBXFileReference; lastKnownFileType = wrapper.framework; name = Foundation.framework; path = System/Library/Frameworks/Foundation.framework; sourceTree = SDKROOT; };
		36C5A8571549769800F19A9A /* CoreGraphics.framework */ = {isa = PBXFileReference; lastKnownFileType = wrapper.framework; name = CoreGraphics.framework; path = System/Library/Frameworks/CoreGraphics.framework; sourceTree = SDKROOT; };
		36C5A85B1549769800F19A9A /* Calc-Info.plist */ = {isa = PBXFileReference; path = "Calc-Info.plist"; sourceTree = "<group>"; };
		36C5A85D1549769800F19A9A /* en */ = {isa = PBXFileReference; lastKnownFileType = text.plist.strings; name = en; path = en.lproj/InfoPlist.strings; sourceTree = "<group>"; };
		36C5A85F1549769800F19A9A /* main.m */ = {isa = PBXFileReference; lastKnownFileType = sourcecode.c.objc; path = main.m; sourceTree = "<group>"; };
		36C5A8611549769800F19A9A /* Calc-Prefix.pch */ = {isa = PBXFileReference; path = "Calc-Prefix.pch"; sourceTree = "<group>"; };
		36C5A8621549769800F19A9A /* CalcAppDelegate.h */ = {isa = PBXFileReference; path = CalcAppDelegate.h; sourceTree = "<group>"; };
		36C5A8631549769800F19A9A /* CalcAppDelegate.m */ = {isa = PBXFileReference; lastKnownFileType = sourcecode.c.objc; path = CalcAppDelegate.m; sourceTree = "<group>"; };
		36C5A8661549769800F19A9A /* en */ = {isa = PBXFileReference; lastKnownFileType = file.storyboard; name = en; path = en.lproj/MainStoryboard.storyboard; sourceTree = "<group>"; };
		36C5A8681549769800F19A9A /* CalcViewController.h */ = {isa = PBXFileReference; path = CalcViewController.h; sourceTree = "<group>"; };
		36C5A8691549769800F19A9A /* CalcViewController.m */ = {isa = PBXFileReference; lastKnownFileType = sourcecode.c.objc; path = CalcViewController.m; sourceTree = "<group>"; };
/* End PBXFileReference section */

/* Begin PBXFrameworksBuildPhase section */
		36C5A84C1549769800F19A9A /* Frameworks */ = {
			isa = PBXFrameworksBuildPhase;
			buildActionMask = 2147483647;
			files = (
				36C5A8541549769800F19A9A /* UIKit.framework in Frameworks */,
				36C5A8561549769800F19A9A /* Foundation.framework in Frameworks */,
				36C5A8581549769800F19A9A /* CoreGraphics.framework in Frameworks */,
			);
			runOnlyForDeploymentPostprocessing = 0;
		};
/* End PBXFrameworksBuildPhase section */

/* Begin PBXGroup section */
		36C5A8441549769800F19A9A = {
			isa = PBXGroup;
			children = (
				36C5A8591549769800F19A9A /* Calc */,
				36C5A8521549769800F19A9A /* Frameworks */,
				36C5A8501549769800F19A9A /* Products */,
			);
			sourceTree = "<group>";
		};
		36C5A8501549769800F19A9A /* Products */ = {
			isa = PBXGroup;
			children = (
				36C5A84F1549769800F19A9A /* Calc.app */,
			);
			name = Products;
			sourceTree = "<group>";
		};
		36C5A8521549769800F19A9A /* Frameworks */ = {
			isa = PBXGroup;
			children = (
				36C5A8531549769800F19A9A /* UIKit.framework */,
				36C5A8551549769800F19A9A /* Foundation.framework */,
				36C5A8571549769800F19A9A /* CoreGraphics.framework */,
			);
			name = Frameworks;
			sourceTree = "<group>";
		};
		36C5A8591549769800F19A9A /* Calc */ = {
			isa = PBXGroup;
			children = (
				36C5A8621549769800F19A9A /* CalcAppDelegate.h */,
				36C5A8631549769800F19A9A /* CalcAppDelegate.m */,
				36C5A8651549769800F19A9A /* MainStoryboard.storyboard */,
				36C5A8681549769800F19A9A /* CalcViewController.h */,
				36C5A8691549769800F19A9A /* CalcViewController.m */,
				36C5A85A1549769800F19A9A /* Supporting Files */,
			);
			path = Calc;
			sourceTree = "<group>";
		};
		36C5A85A1549769800F19A9A /* Supporting Files */ = {
			isa = PBXGroup;
			children = (
				36C5A85B1549769800F19A9A /* Calc-Info.plist */,
				36C5A85C1549769800F19A9A /* InfoPlist.strings */,
				36C5A85F1549769800F19A9A /* main.m */,
				36C5A8611549769800F19A9A /* Calc-Prefix.pch */,
			);
			name = "Supporting Files";
			sourceTree = "<group>";
		};
/* End PBXGroup section */

/* Begin PBXNativeTarget section */
		36C5A84E1549769800F19A9A /* Calc */ = {
			isa = PBXNativeTarget;
			buildConfigurationList = 36C5A86D1549769800F19A9A /* Build configuration list for PBXNativeTarget "Calc" */;
			buildPhases = (
				36C5A84B1549769800F19A9A /* Sources */,
				36C5A84C1549769800F19A9A /* Frameworks */,
				36C5A84D1549769800F19A9A /* Resources */,
			);
			buildRules = (
			);
			dependencies = (
			);
			name = Calc;
			productName = Calc;
			productReference = 36C5A84F1549769800F19A9A /* Calc.app */;
			productType = "com.apple.product-type.application";
		};
/* End PBXNativeTarget section */

/* Begin PBXProject section */
		36C5A8461549769800F19A9A /* Project object */ = {
			isa = PBXProject;
			attributes = {
				CLASSPREFIX = Calc;
				LastUpgradeCheck = 0430;
			};
			buildConfigurationList = 36C5A8491549769800F19A9A /* Build configuration list for PBXProject "Calc" */;
			compatibilityVersion = "Xcode 3.2";
			developmentRegion = English;
			hasScannedForEncodings = 0;
			knownRegions = (
				en,
			);
			mainGroup = 36C5A8441549769800F19A9A;
			productRefGroup = 36C5A8501549769800F19A9A /* Products */;
			projectDirPath = "";
			projectRoot = "";
			targets = (
				36C5A84E1549769800F19A9A /* Calc */,
			);
		};
/* End PBXProject section */

/* Begin PBXResourcesBuildPhase section */
		36C5A84D1549769800F19A9A /* Resources */ = {
			isa = PBXResourcesBuildPhase;
			buildActionMask = 2147483647;
			files = (
				36C5A85E1549769800F19A9A /* InfoPlist.strings in Resources */,
				36C5A8671549769800F19A9A /* MainStoryboard.storyboard in Resources */,
			);
			runOnlyForDeploymentPostprocessing = 0;
		};
/* End PBXResourcesBuildPhase section */

/* Begin PBXSourcesBuildPhase section */
		36C5A84B1549769800F19A9A /* Sources */ = {
			isa = PBXSourcesBuildPhase;
			buildActionMask = 2147483647;
			files = (
				36C5A8601549769800F19A9A /* main.m in Sources */,
				36C5A8641549769800F19A9A /* CalcAppDelegate.m in Sources */,
				36C5A86A1549769800F19A9A /* CalcViewController.m in Sources */,
			);
			runOnlyForDeploymentPostprocessing = 0;
		};
/* End PBXSourcesBuildPhase section */

/* Begin PBXVariantGroup section */
		36C5A85C1549769800F19A9A /* InfoPlist.strings */ = {
			isa = PBXVariantGroup;
			children = (
				36C5A85D1549769800F19A9A /* en */,
			);
			name = InfoPlist.strings;
			sourceTree = "<group>";
		};
		36C5A8651549769800F19A9A /* MainStoryboard.storyboard */ = {
			isa = PBXVariantGroup;
			children = (
				36C5A8661549769800F19A9A /* en */,
			);
			name = MainStoryboard.storyboard;
			sourceTree = "<group>";
		};
/* End PBXVariantGroup section */

/* Begin XCBuildConfiguration section */
		36C5A86B1549769800F19A9A /* Debug */ = {
			isa = XCBuildConfiguration;
			buildSettings = {
				ALWAYS_SEARCH_USER_PATHS = NO;
				ARCHS = "$(ARCHS_STANDARD_32_BIT)";
				CLANG_ENABLE_OBJC_ARC = YES;
				"CODE_SIGN_IDENTITY[sdk=iphoneos*]" = "iPhone Developer";
				COPY_PHASE_STRIP = NO;
				GCC_C_LANGUAGE_STANDARD = gnu99;
				GCC_DYNAMIC_NO_PIC = NO;
				GCC_OPTIMIZATION_LEVEL = 0;
				GCC_PREPROCESSOR_DEFINITIONS = (
					"DEBUG=1",
					"$(inherited)",
				);
				GCC_SYMBOLS_PRIVATE_EXTERN = NO;
				GCC_VERSION = com.apple.compilers.llvm.clang.1_0;
				GCC_WARN_ABOUT_RETURN_TYPE = YES;
				GCC_WARN_UNINITIALIZED_AUTOS = YES;
				GCC_WARN_UNUSED_VARIABLE = YES;
				IPHONEOS_DEPLOYMENT_TARGET = 5.1;
				SDKROOT = iphoneos;
			};
			name = Debug;
		};
		36C5A86C1549769800F19A9A /* Release */ = {
			isa = XCBuildConfiguration;
			buildSettings = {
				ALWAYS_SEARCH_USER_PATHS = NO;
				ARCHS = "$(ARCHS_STANDARD_32_BIT)";
				CLANG_ENABLE_OBJC_ARC = YES;
				"CODE_SIGN_IDENTITY[sdk=iphoneos*]" = "iPhone Developer";
				COPY_PHASE_STRIP = YES;
				GCC_C_LANGUAGE_STANDARD = gnu99;
				GCC_VERSION = com.apple.compilers.llvm.clang.1_0;
				GCC_WARN_ABOUT_RETURN_TYPE = YES;
				GCC_WARN_UNINITIALIZED_AUTOS = YES;
				GCC_WARN_UNUSED_VARIABLE = YES;
				IPHONEOS_DEPLOYMENT_TARGET = 5.1;
				OTHER_CFLAGS = "-DNS_BLOCK_ASSERTIONS=1";
				SDKROOT = iphoneos;
				VALIDATE_PRODUCT = YES;
			};
			name = Release;
		};
		36C5A86E1549769800F19A9A /* Debug */ = {
			isa = XCBuildConfiguration;
			buildSettings = {
				GCC_PRECOMPILE_PREFIX_HEADER = YES;
				GCC_PREFIX_HEADER = "Calc/Calc-Prefix.pch";
				INFOPLIST_FILE = "Calc/Calc-Info.plist";
				PRODUCT_NAME = "$(TARGET_NAME)";
				WRAPPER_EXTENSION = app;
			};
			name = Debug;
		};
		36C5A86F1549769800F19A9A /* Release */ = {
			isa = XCBuildConfiguration;
			buildSettings = {
				GCC_PRECOMPILE_PREFIX_HEADER = YES;
				GCC_PREFIX_HEADER = "Calc/Calc-Prefix.pch";
				INFOPLIST_FILE = "Calc/Calc-Info.plist";
				PRODUCT_NAME = "$(TARGET_NAME)";
				WRAPPER_EXTENSION = app;
			};
			name = Release;
		};
/* End XCBuildConfiguration section */

/* Begin XCConfigurationList section */
		36C5A8491549769800F19A9A /* Build configuration list for PBXProject "Calc" */ = {
			isa = XCConfigurationList;
			buildConfigurations = (
				36C5A86B1549769800F19A9A /* Debug */,
				36C5A86C1549769800F19A9A /* Release */,
			);
			defaultConfigurationIsVisible = 0;
			defaultConfigurationName = Release;
		};
		36C5A86D1549769800F19A9A /* Build configuration list for PBXNativeTarget "Calc" */ = {
			isa = XCConfigurationList;
			buildConfigurations = (
				36C5A86E1549769800F19A9A /* Debug */,
				36C5A86F1549769800F19A9A /* Release */,
			);
			defaultConfigurationIsVisible = 0;
		};
/* End XCConfigurationList section */
	};
	rootObject = 36C5A8461549769800F19A9A /* Project object */;
}
